{
  "name": "Image-Converter",
  "lockfileVersion": 2,
  "requires": true,
  "packages": {
    "": {
      "dependencies": {
        "desmos": "^1.5.4"
      }
    },
    "node_modules/desmos": {
      "version": "1.5.4",
      "resolved": "https://registry.npmjs.org/desmos/-/desmos-1.5.4.tgz",
      "integrity": "sha512-8BxQqU/7n6J9cxAiSDm6sNCqSu29z5VaYKcfOx0N4MY2oT75NE5oo6MRgtulVHibMBxCuH+6fpXr0WP4IoL0Dg=="
    }
  },
  "dependencies": {
    "desmos": {
      "version": "1.5.4",
      "resolved": "https://registry.npmjs.org/desmos/-/desmos-1.5.4.tgz",
      "integrity": "sha512-8BxQqU/7n6J9cxAiSDm6sNCqSu29z5VaYKcfOx0N4MY2oT75NE5oo6MRgtulVHibMBxCuH+6fpXr0WP4IoL0Dg=="
    }
  }
}
